
Microsoft Visual Studio Solution File, Format Version 12.00
# Visual Studio Version 17
VisualStudioVersion = 17.0.32126.317
MinimumVisualStudioVersion = 10.0.40219.1
Project("{FAE04EC0-301F-11D3-BF4B-00C04F79EFBC}") = "Cohesion", "Cohesion\Cohesion.csproj", "{60F437EF-4437-4407-92FC-A4F3F78B510F}"
EndProject
Global
	GlobalSection(SolutionConfigurationPlatforms) = preSolution
		Debug|Any CPU = Debug|Any CPU
		Release|Any CPU = Release|Any CPU
	EndGlobalSection
	GlobalSection(ProjectConfigurationPlatforms) = postSolution
		{60F437EF-4437-4407-92FC-A4F3F78B510F}.Debug|Any CPU.ActiveCfg = Debug|Any CPU
		{60F437EF-4437-4407-92FC-A4F3F78B510F}.Debug|Any CPU.Build.0 = Debug|Any CPU
		{60F437EF-4437-4407-92FC-A4F3F78B510F}.Release|Any CPU.ActiveCfg = Release|Any CPU
		{60F437EF-4437-4407-92FC-A4F3F78B510F}.Release|Any CPU.Build.0 = Release|Any CPU
	EndGlobalSection
	GlobalSection(SolutionProperties) = preSolution
		HideSolutionNode = FALSE
	EndGlobalSection
	GlobalSection(ExtensibilityGlobals) = postSolution
		SolutionGuid = {12049981-E472-4197-894E-FFC94348CD0E}
	EndGlobalSection
EndGlobal
